
Microsoft Visual Studio Solution File, Format Version 12.00
# Visual Studio Version 17
VisualStudioVersion = 17.0.31903.59
MinimumVisualStudioVersion = 10.0.40219.1
Project("{2150E333-8FDC-42A3-9474-1A3956D46DE8}") = "shared", "shared", "{38162EC2-32AD-4552-ABDF-CE3649BF3BE9}"
EndProject
Project("{FAE04EC0-301F-11D3-BF4B-00C04F79EFBC}") = "Febris.XApi.Models", "shared\FebrisXApiModels\Febris.XApi.Models.csproj", "{FB61A7D4-C180-4E71-8429-B891D5A87693}"
EndProject
Global
	GlobalSection(SolutionConfigurationPlatforms) = preSolution
		Debug|Any CPU = Debug|Any CPU
		Release|Any CPU = Release|Any CPU
	EndGlobalSection
	GlobalSection(SolutionProperties) = preSolution
		HideSolutionNode = FALSE
	EndGlobalSection
	GlobalSection(ProjectConfigurationPlatforms) = postSolution
		{FB61A7D4-C180-4E71-8429-B891D5A87693}.Debug|Any CPU.ActiveCfg = Debug|Any CPU
		{FB61A7D4-C180-4E71-8429-B891D5A87693}.Debug|Any CPU.Build.0 = Debug|Any CPU
		{FB61A7D4-C180-4E71-8429-B891D5A87693}.Release|Any CPU.ActiveCfg = Release|Any CPU
		{FB61A7D4-C180-4E71-8429-B891D5A87693}.Release|Any CPU.Build.0 = Release|Any CPU
	EndGlobalSection
	GlobalSection(NestedProjects) = preSolution
		{FB61A7D4-C180-4E71-8429-B891D5A87693} = {38162EC2-32AD-4552-ABDF-CE3649BF3BE9}
	EndGlobalSection
EndGlobal
